
Microsoft Visual Studio Solution File, Format Version 12.00
# Visual Studio Version 17
VisualStudioVersion = 17.3.32901.215
MinimumVisualStudioVersion = 10.0.40219.1
Project("{FAE04EC0-301F-11D3-BF4B-00C04F79EFBC}") = "Chess", "Chess\Chess.csproj", "{6F92448A-D9A5-4C98-B2C6-3B07DB32AC07}"
EndProject
Global
	GlobalSection(SolutionConfigurationPlatforms) = preSolution
		Debug|Any CPU = Debug|Any CPU
		Release|Any CPU = Release|Any CPU
	EndGlobalSection
	GlobalSection(ProjectConfigurationPlatforms) = postSolution
		{6F92448A-D9A5-4C98-B2C6-3B07DB32AC07}.Debug|Any CPU.ActiveCfg = Debug|Any CPU
		{6F92448A-D9A5-4C98-B2C6-3B07DB32AC07}.Debug|Any CPU.Build.0 = Debug|Any CPU
		{6F92448A-D9A5-4C98-B2C6-3B07DB32AC07}.Release|Any CPU.ActiveCfg = Release|Any CPU
		{6F92448A-D9A5-4C98-B2C6-3B07DB32AC07}.Release|Any CPU.Build.0 = Release|Any CPU
	EndGlobalSection
	GlobalSection(SolutionProperties) = preSolution
		HideSolutionNode = FALSE
	EndGlobalSection
	GlobalSection(ExtensibilityGlobals) = postSolution
		SolutionGuid = {1A69FD94-B0F7-4631-B78E-6F011A74EA1A}
	EndGlobalSection
EndGlobal
